
Microsoft Visual Studio Solution File, Format Version 12.00
# Visual Studio Version 16
VisualStudioVersion = 16.0.30523.141
MinimumVisualStudioVersion = 10.0.40219.1
Project("{FAE04EC0-301F-11D3-BF4B-00C04F79EFBC}") = "DONT-PANIC", "DONT-PANIC.csproj", "{B62B156B-78E8-4EB9-A788-15EB3BAA8747}"
EndProject
Global
	GlobalSection(SolutionConfigurationPlatforms) = preSolution
		Debug|Any CPU = Debug|Any CPU
		Release|Any CPU = Release|Any CPU
	EndGlobalSection
	GlobalSection(ProjectConfigurationPlatforms) = postSolution
		{B62B156B-78E8-4EB9-A788-15EB3BAA8747}.Debug|Any CPU.ActiveCfg = Debug|Any CPU
		{B62B156B-78E8-4EB9-A788-15EB3BAA8747}.Debug|Any CPU.Build.0 = Debug|Any CPU
		{B62B156B-78E8-4EB9-A788-15EB3BAA8747}.Release|Any CPU.ActiveCfg = Release|Any CPU
		{B62B156B-78E8-4EB9-A788-15EB3BAA8747}.Release|Any CPU.Build.0 = Release|Any CPU
	EndGlobalSection
	GlobalSection(SolutionProperties) = preSolution
		HideSolutionNode = FALSE
	EndGlobalSection
	GlobalSection(ExtensibilityGlobals) = postSolution
		SolutionGuid = {F48762EE-62CA-4E3E-82E1-1B38D514C5BE}
	EndGlobalSection
EndGlobal
